// !$*UTF8*$!
{
	archiveVersion = 1;
	classes = {
	};
	objectVersion = 46;
	objects = {

/* Begin PBXBuildFile section */
		8E4DFB0A1C3AE9D000F7F8E2 /* SWRevealViewController.m in Sources */ = {isa = PBXBuildFile; fileRef = 8E4DFB091C3AE9D000F7F8E2 /* SWRevealViewController.m */; };
		8E4DFB0D1C3AF2CA00F7F8E2 /* BackTableView.swift in Sources */ = {isa = PBXBuildFile; fileRef = 8E4DFB0C1C3AF2CA00F7F8E2 /* BackTableView.swift */; };
		8E4DFB0F1C3B09BA00F7F8E2 /* Startseite.swift in Sources */ = {isa = PBXBuildFile; fileRef = 8E4DFB0E1C3B09BA00F7F8E2 /* Startseite.swift */; };
		8ED0A7261C3BC999003444A6 /* MyViewController.swift in Sources */ = {isa = PBXBuildFile; fileRef = 8ED0A7251C3BC999003444A6 /* MyViewController.swift */; };
		8ED0A7281C3BD00F003444A6 /* MyTableViewController.swift in Sources */ = {isa = PBXBuildFile; fileRef = 8ED0A7271C3BD00F003444A6 /* MyTableViewController.swift */; };
		8ED0A72A1C3BD1AD003444A6 /* AngeboteViewController.swift in Sources */ = {isa = PBXBuildFile; fileRef = 8ED0A7291C3BD1AD003444A6 /* AngeboteViewController.swift */; };
		8EDC398A1C32B5AD0070E4BC /* AppDelegate.swift in Sources */ = {isa = PBXBuildFile; fileRef = 8EDC39891C32B5AD0070E4BC /* AppDelegate.swift */; };
		8EDC398C1C32B5AD0070E4BC /* ViewController.swift in Sources */ = {isa = PBXBuildFile; fileRef = 8EDC398B1C32B5AD0070E4BC /* ViewController.swift */; };
		8EDC398F1C32B5AD0070E4BC /* Main.storyboard in Resources */ = {isa = PBXBuildFile; fileRef = 8EDC398D1C32B5AD0070E4BC /* Main.storyboard */; };
		8EDC39911C32B5AD0070E4BC /* Assets.xcassets in Resources */ = {isa = PBXBuildFile; fileRef = 8EDC39901C32B5AD0070E4BC /* Assets.xcassets */; };
		8EDC39941C32B5AD0070E4BC /* LaunchScreen.storyboard in Resources */ = {isa = PBXBuildFile; fileRef = 8EDC39921C32B5AD0070E4BC /* LaunchScreen.storyboard */; };
/* End PBXBuildFile section */

/* Begin PBXFileReference section */
		8E4DFB071C3AE9CF00F7F8E2 /* BookShop-Bridging-Header.h */ = {isa = PBXFileReference; lastKnownFileType = sourcecode.c.h; path = "BookShop-Bridging-Header.h"; sourceTree = "<group>"; };
		8E4DFB081C3AE9D000F7F8E2 /* SWRevealViewController.h */ = {isa = PBXFileReference; fileEncoding = 4; lastKnownFileType = sourcecode.c.h; path = SWRevealViewController.h; sourceTree = "<group>"; };
		8E4DFB091C3AE9D000F7F8E2 /* SWRevealViewController.m */ = {isa = PBXFileReference; fileEncoding = 4; lastKnownFileType = sourcecode.c.objc; path = SWRevealViewController.m; sourceTree = "<group>"; };
		8E4DFB0C1C3AF2CA00F7F8E2 /* BackTableView.swift */ = {isa = PBXFileReference; fileEncoding = 4; lastKnownFileType = sourcecode.swift; path = BackTableView.swift; sourceTree = "<group>"; };
		8E4DFB0E1C3B09BA00F7F8E2 /* Startseite.swift */ = {isa = PBXFileReference; fileEncoding = 4; lastKnownFileType = sourcecode.swift; path = Startseite.swift; sourceTree = "<group>"; };
		8ED0A7251C3BC999003444A6 /* MyViewController.swift */ = {isa = PBXFileReference; fileEncoding = 4; lastKnownFileType = sourcecode.swift; path = MyViewController.swift; sourceTree = "<group>"; };
		8ED0A7271C3BD00F003444A6 /* MyTableViewController.swift */ = {isa = PBXFileReference; fileEncoding = 4; lastKnownFileType = sourcecode.swift; path = MyTableViewController.swift; sourceTree = "<group>"; };
		8ED0A7291C3BD1AD003444A6 /* AngeboteViewController.swift */ = {isa = PBXFileReference; fileEncoding = 4; lastKnownFileType = sourcecode.swift; path = AngeboteViewController.swift; sourceTree = "<group>"; };
		8EDC39861C32B5AD0070E4BC /* BookShop.app */ = {isa = PBXFileReference; explicitFileType = wrapper.application; includeInIndex = 0; path = BookShop.app; sourceTree = BUILT_PRODUCTS_DIR; };
		8EDC39891C32B5AD0070E4BC /* AppDelegate.swift */ = {isa = PBXFileReference; lastKnownFileType = sourcecode.swift; path = AppDelegate.swift; sourceTree = "<group>"; };
		8EDC398B1C32B5AD0070E4BC /* ViewController.swift */ = {isa = PBXFileReference; lastKnownFileType = sourcecode.swift; path = ViewController.swift; sourceTree = "<group>"; };
		8EDC398E1C32B5AD0070E4BC /* Base */ = {isa = PBXFileReference; lastKnownFileType = file.storyboard; name = Base; path = Base.lproj/Main.storyboard; sourceTree = "<group>"; };
		8EDC39901C32B5AD0070E4BC /* Assets.xcassets */ = {isa = PBXFileReference; lastKnownFileType = folder.assetcatalog; path = Assets.xcassets; sourceTree = "<group>"; };
		8EDC39931C32B5AD0070E4BC /* Base */ = {isa = PBXFileReference; lastKnownFileType = file.storyboard; name = Base; path = Base.lproj/LaunchScreen.storyboard; sourceTree = "<group>"; };
		8EDC39951C32B5AD0070E4BC /* Info.plist */ = {isa = PBXFileReference; lastKnownFileType = text.plist.xml; path = Info.plist; sourceTree = "<group>"; };
/* End PBXFileReference section */

/* Begin PBXFrameworksBuildPhase section */
		8EDC39831C32B5AD0070E4BC /* Frameworks */ = {
			isa = PBXFrameworksBuildPhase;
			buildActionMask = 2147483647;
			files = (
			);
			runOnlyForDeploymentPostprocessing = 0;
		};
/* End PBXFrameworksBuildPhase section */

/* Begin PBXGroup section */
		8E4DFB0B1C3AE9DF00F7F8E2 /* Supporting files */ = {
			isa = PBXGroup;
			children = (
				8E4DFB081C3AE9D000F7F8E2 /* SWRevealViewController.h */,
				8E4DFB091C3AE9D000F7F8E2 /* SWRevealViewController.m */,
				8EDC39951C32B5AD0070E4BC /* Info.plist */,
				8E4DFB071C3AE9CF00F7F8E2 /* BookShop-Bridging-Header.h */,
			);
			name = "Supporting files";
			sourceTree = "<group>";
		};
		8EDC397D1C32B5AD0070E4BC = {
			isa = PBXGroup;
			children = (
				8EDC39881C32B5AD0070E4BC /* BookShop */,
				8EDC39871C32B5AD0070E4BC /* Products */,
			);
			sourceTree = "<group>";
		};
		8EDC39871C32B5AD0070E4BC /* Products */ = {
			isa = PBXGroup;
			children = (
				8EDC39861C32B5AD0070E4BC /* BookShop.app */,
			);
			name = Products;
			sourceTree = "<group>";
		};
		8EDC39881C32B5AD0070E4BC /* BookShop */ = {
			isa = PBXGroup;
			children = (
				8E4DFB0B1C3AE9DF00F7F8E2 /* Supporting files */,
				8EDC39891C32B5AD0070E4BC /* AppDelegate.swift */,
				8EDC398B1C32B5AD0070E4BC /* ViewController.swift */,
				8EDC398D1C32B5AD0070E4BC /* Main.storyboard */,
				8EDC39901C32B5AD0070E4BC /* Assets.xcassets */,
				8EDC39921C32B5AD0070E4BC /* LaunchScreen.storyboard */,
				8E4DFB0C1C3AF2CA00F7F8E2 /* BackTableView.swift */,
				8E4DFB0E1C3B09BA00F7F8E2 /* Startseite.swift */,
				8ED0A7251C3BC999003444A6 /* MyViewController.swift */,
				8ED0A7271C3BD00F003444A6 /* MyTableViewController.swift */,
				8ED0A7291C3BD1AD003444A6 /* AngeboteViewController.swift */,
			);
			path = BookShop;
			sourceTree = "<group>";
		};
/* End PBXGroup section */

/* Begin PBXNativeTarget section */
		8EDC39851C32B5AD0070E4BC /* BookShop */ = {
			isa = PBXNativeTarget;
			buildConfigurationList = 8EDC39981C32B5AD0070E4BC /* Build configuration list for PBXNativeTarget "BookShop" */;
			buildPhases = (
				8EDC39821C32B5AD0070E4BC /* Sources */,
				8EDC39831C32B5AD0070E4BC /* Frameworks */,
				8EDC39841C32B5AD0070E4BC /* Resources */,
			);
			buildRules = (
			);
			dependencies = (
			);
			name = BookShop;
			productName = BookShop;
			productReference = 8EDC39861C32B5AD0070E4BC /* BookShop.app */;
			productType = "com.apple.product-type.application";
		};
/* End PBXNativeTarget section */

/* Begin PBXProject section */
		8EDC397E1C32B5AD0070E4BC /* Project object */ = {
			isa = PBXProject;
			attributes = {
				LastSwiftUpdateCheck = 0710;
				LastUpgradeCheck = 0710;
				ORGANIZATIONNAME = Arthur;
				TargetAttributes = {
					8EDC39851C32B5AD0070E4BC = {
						CreatedOnToolsVersion = 7.1.1;
					};
				};
			};
			buildConfigurationList = 8EDC39811C32B5AD0070E4BC /* Build configuration list for PBXProject "BookShop" */;
			compatibilityVersion = "Xcode 3.2";
			developmentRegion = English;
			hasScannedForEncodings = 0;
			knownRegions = (
				en,
				Base,
			);
			mainGroup = 8EDC397D1C32B5AD0070E4BC;
			productRefGroup = 8EDC39871C32B5AD0070E4BC /* Products */;
			projectDirPath = "";
			projectRoot = "";
			targets = (
				8EDC39851C32B5AD0070E4BC /* BookShop */,
			);
		};
/* End PBXProject section */

/* Begin PBXResourcesBuildPhase section */
		8EDC39841C32B5AD0070E4BC /* Resources */ = {
			isa = PBXResourcesBuildPhase;
			buildActionMask = 2147483647;
			files = (
				8EDC39941C32B5AD0070E4BC /* LaunchScreen.storyboard in Resources */,
				8EDC39911C32B5AD0070E4BC /* Assets.xcassets in Resources */,
				8EDC398F1C32B5AD0070E4BC /* Main.storyboard in Resources */,
			);
			runOnlyForDeploymentPostprocessing = 0;
		};
/* End PBXResourcesBuildPhase section */

/* Begin PBXSourcesBuildPhase section */
		8EDC39821C32B5AD0070E4BC /* Sources */ = {
			isa = PBXSourcesBuildPhase;
			buildActionMask = 2147483647;
			files = (
				8EDC398C1C32B5AD0070E4BC /* ViewController.swift in Sources */,
				8ED0A7281C3BD00F003444A6 /* MyTableViewController.swift in Sources */,
				8EDC398A1C32B5AD0070E4BC /* AppDelegate.swift in Sources */,
				8ED0A72A1C3BD1AD003444A6 /* AngeboteViewController.swift in Sources */,
				8E4DFB0D1C3AF2CA00F7F8E2 /* BackTableView.swift in Sources */,
				8E4DFB0A1C3AE9D000F7F8E2 /* SWRevealViewController.m in Sources */,
				8ED0A7261C3BC999003444A6 /* MyViewController.swift in Sources */,
				8E4DFB0F1C3B09BA00F7F8E2 /* Startseite.swift in Sources */,
			);
			runOnlyForDeploymentPostprocessing = 0;
		};
/* End PBXSourcesBuildPhase section */

/* Begin PBXVariantGroup section */
		8EDC398D1C32B5AD0070E4BC /* Main.storyboard */ = {
			isa = PBXVariantGroup;
			children = (
				8EDC398E1C32B5AD0070E4BC /* Base */,
			);
			name = Main.storyboard;
			sourceTree = "<group>";
		};
		8EDC39921C32B5AD0070E4BC /* LaunchScreen.storyboard */ = {
			isa = PBXVariantGroup;
			children = (
				8EDC39931C32B5AD0070E4BC /* Base */,
			);
			name = LaunchScreen.storyboard;
			sourceTree = "<group>";
		};
/* End PBXVariantGroup section */

/* Begin XCBuildConfiguration section */
		8EDC39961C32B5AD0070E4BC /* Debug */ = {
			isa = XCBuildConfiguration;
			buildSettings = {
				ALWAYS_SEARCH_USER_PATHS = NO;
				CLANG_CXX_LANGUAGE_STANDARD = "gnu++0x";
				CLANG_CXX_LIBRARY = "libc++";
				CLANG_ENABLE_MODULES = YES;
				CLANG_ENABLE_OBJC_ARC = YES;
				CLANG_WARN_BOOL_CONVERSION = YES;
				CLANG_WARN_CONSTANT_CONVERSION = YES;
				CLANG_WARN_DIRECT_OBJC_ISA_USAGE = YES_ERROR;
				CLANG_WARN_EMPTY_BODY = YES;
				CLANG_WARN_ENUM_CONVERSION = YES;
				CLANG_WARN_INT_CONVERSION = YES;
				CLANG_WARN_OBJC_ROOT_CLASS = YES_ERROR;
				CLANG_WARN_UNREACHABLE_CODE = YES;
				CLANG_WARN__DUPLICATE_METHOD_MATCH = YES;
				"CODE_SIGN_IDENTITY[sdk=iphoneos*]" = "iPhone Developer";
				COPY_PHASE_STRIP = NO;
				DEBUG_INFORMATION_FORMAT = dwarf;
				ENABLE_STRICT_OBJC_MSGSEND = YES;
				ENABLE_TESTABILITY = YES;
				GCC_C_LANGUAGE_STANDARD = gnu99;
				GCC_DYNAMIC_NO_PIC = NO;
				GCC_NO_COMMON_BLOCKS = YES;
				GCC_OPTIMIZATION_LEVEL = 0;
				GCC_PREPROCESSOR_DEFINITIONS = (
					"DEBUG=1",
					"$(inherited)",
				);
				GCC_WARN_64_TO_32_BIT_CONVERSION = YES;
				GCC_WARN_ABOUT_RETURN_TYPE = YES_ERROR;
				GCC_WARN_UNDECLARED_SELECTOR = YES;
				GCC_WARN_UNINITIALIZED_AUTOS = YES_AGGRESSIVE;
				GCC_WARN_UNUSED_FUNCTION = YES;
				GCC_WARN_UNUSED_VARIABLE = YES;
				IPHONEOS_DEPLOYMENT_TARGET = 9.1;
				MTL_ENABLE_DEBUG_INFO = YES;
				ONLY_ACTIVE_ARCH = YES;
				SDKROOT = iphoneos;
				SWIFT_OPTIMIZATION_LEVEL = "-Onone";
				TARGETED_DEVICE_FAMILY = "1,2";
			};
			name = Debug;
		};
		8EDC39971C32B5AD0070E4BC /* Release */ = {
			isa = XCBuildConfiguration;
			buildSettings = {
				ALWAYS_SEARCH_USER_PATHS = NO;
				CLANG_CXX_LANGUAGE_STANDARD = "gnu++0x";
				CLANG_CXX_LIBRARY = "libc++";
				CLANG_ENABLE_MODULES = YES;
				CLANG_ENABLE_OBJC_ARC = YES;
				CLANG_WARN_BOOL_CONVERSION = YES;
				CLANG_WARN_CONSTANT_CONVERSION = YES;
				CLANG_WARN_DIRECT_OBJC_ISA_USAGE = YES_ERROR;
				CLANG_WARN_EMPTY_BODY = YES;
				CLANG_WARN_ENUM_CONVERSION = YES;
				CLANG_WARN_INT_CONVERSION = YES;
				CLANG_WARN_OBJC_ROOT_CLASS = YES_ERROR;
				CLANG_WARN_UNREACHABLE_CODE = YES;
				CLANG_WARN__DUPLICATE_METHOD_MATCH = YES;
				"CODE_SIGN_IDENTITY[sdk=iphoneos*]" = "iPhone Developer";
				COPY_PHASE_STRIP = NO;
				DEBUG_INFORMATION_FORMAT = "dwarf-with-dsym";
				ENABLE_NS_ASSERTIONS = NO;
				ENABLE_STRICT_OBJC_MSGSEND = YES;
				GCC_C_LANGUAGE_STANDARD = gnu99;
				GCC_NO_COMMON_BLOCKS = YES;
				GCC_WARN_64_TO_32_BIT_CONVERSION = YES;
				GCC_WARN_ABOUT_RETURN_TYPE = YES_ERROR;
				GCC_WARN_UNDECLARED_SELECTOR = YES;
				GCC_WARN_UNINITIALIZED_AUTOS = YES_AGGRESSIVE;
				GCC_WARN_UNUSED_FUNCTION = YES;
				GCC_WARN_UNUSED_VARIABLE = YES;
				IPHONEOS_DEPLOYMENT_TARGET = 9.1;
				MTL_ENABLE_DEBUG_INFO = NO;
				SDKROOT = iphoneos;
				TARGETED_DEVICE_FAMILY = "1,2";
				VALIDATE_PRODUCT = YES;
			};
			name = Release;
		};
		8EDC39991C32B5AD0070E4BC /* Debug */ = {
			isa = XCBuildConfiguration;
			buildSettings = {
				ASSETCATALOG_COMPILER_APPICON_NAME = AppIcon;
				CLANG_ENABLE_MODULES = YES;
				INFOPLIST_FILE = BookShop/Info.plist;
				LD_RUNPATH_SEARCH_PATHS = "$(inherited) @executable_path/Frameworks";
				PRODUCT_BUNDLE_IDENTIFIER = com.Arthur.BookShop;
				PRODUCT_NAME = "$(TARGET_NAME)";
				SWIFT_OBJC_BRIDGING_HEADER = "BookShop/BookShop-Bridging-Header.h";
				SWIFT_OPTIMIZATION_LEVEL = "-Onone";
			};
			name = Debug;
		};
		8EDC399A1C32B5AD0070E4BC /* Release */ = {
			isa = XCBuildConfiguration;
			buildSettings = {
				ASSETCATALOG_COMPILER_APPICON_NAME = AppIcon;
				CLANG_ENABLE_MODULES = YES;
				INFOPLIST_FILE = BookShop/Info.plist;
				LD_RUNPATH_SEARCH_PATHS = "$(inherited) @executable_path/Frameworks";
				PRODUCT_BUNDLE_IDENTIFIER = com.Arthur.BookShop;
				PRODUCT_NAME = "$(TARGET_NAME)";
				SWIFT_OBJC_BRIDGING_HEADER = "BookShop/BookShop-Bridging-Header.h";
			};
			name = Release;
		};
/* End XCBuildConfiguration section */

/* Begin XCConfigurationList section */
		8EDC39811C32B5AD0070E4BC /* Build configuration list for PBXProject "BookShop" */ = {
			isa = XCConfigurationList;
			buildConfigurations = (
				8EDC39961C32B5AD0070E4BC /* Debug */,
				8EDC39971C32B5AD0070E4BC /* Release */,
			);
			defaultConfigurationIsVisible = 0;
			defaultConfigurationName = Release;
		};
		8EDC39981C32B5AD0070E4BC /* Build configuration list for PBXNativeTarget "BookShop" */ = {
			isa = XCConfigurationList;
			buildConfigurations = (
				8EDC39991C32B5AD0070E4BC /* Debug */,
				8EDC399A1C32B5AD0070E4BC /* Release */,
			);
			defaultConfigurationIsVisible = 0;
			defaultConfigurationName = Release;
		};
/* End XCConfigurationList section */
	};
	rootObject = 8EDC397E1C32B5AD0070E4BC /* Project object */;
}
